
Microsoft Visual Studio Solution File, Format Version 12.00
# Visual Studio Version 17
VisualStudioVersion = 17.0.31903.59
MinimumVisualStudioVersion = 10.0.40219.1
Project("{2150E333-8FDC-42A3-9474-1A3956D46DE8}") = "FrontEnd", "FrontEnd", "{E0DD1DC8-D695-4331-B261-1F541AE122E0}"
EndProject
Project("{2150E333-8FDC-42A3-9474-1A3956D46DE8}") = "Services", "Services", "{9D32043F-6F80-4186-A2BB-0E36A37F0C86}"
EndProject
Project("{9A19103F-16F7-4668-BE54-9A1E7A4F7556}") = "GeekShopping.Web", "GeekShopping.Web\GeekShopping.Web.csproj", "{69517B36-4DBE-47B4-A20E-537056BE3F51}"
EndProject
Project("{9A19103F-16F7-4668-BE54-9A1E7A4F7556}") = "GeekShopping.ProductAPI", "GeekShopping.ProductAPI\GeekShopping.ProductAPI.csproj", "{53A57699-E8F2-49A0-B59A-4319BDA56E10}"
EndProject
Project("{FAE04EC0-301F-11D3-BF4B-00C04F79EFBC}") = "GeekShopping.IdentityServer", "GeekShopping.IdentityServer\GeekShopping.IdentityServer.csproj", "{9B87F0D0-5D15-47CA-810F-A49186688978}"
EndProject
Project("{FAE04EC0-301F-11D3-BF4B-00C04F79EFBC}") = "GeekShopping.CartAPI", "GeekShopping.CartAPI\GeekShopping.CartAPI.csproj", "{AC5344F3-FFC4-4EBE-A5EC-96D207E55391}"
EndProject
Project("{FAE04EC0-301F-11D3-BF4B-00C04F79EFBC}") = "GeekShopping.CouponAPI", "GeekShopping.CouponAPI\GeekShopping.CouponAPI.csproj", "{0A30A41B-5F95-4AFA-B9AE-0C75A14AC774}"
EndProject
Project("{2150E333-8FDC-42A3-9474-1A3956D46DE8}") = "Integration", "Integration", "{33BA3285-9602-4644-821B-63637853B4E8}"
EndProject
Project("{FAE04EC0-301F-11D3-BF4B-00C04F79EFBC}") = "GeekShopping.MessageBus", "Integration\GeekShopping.MessageBus\GeekShopping.MessageBus.csproj", "{DBDDA9A0-6710-47C1-8ACB-AEF3326B5600}"
EndProject
Project("{FAE04EC0-301F-11D3-BF4B-00C04F79EFBC}") = "GeekShopping.OrderAPI", "GeekShopping.OrderAPI\GeekShopping.OrderAPI.csproj", "{28FFE501-94FF-4570-BD46-6377CE594A14}"
EndProject
Global
	GlobalSection(SolutionConfigurationPlatforms) = preSolution
		Debug|Any CPU = Debug|Any CPU
		Release|Any CPU = Release|Any CPU
	EndGlobalSection
	GlobalSection(ProjectConfigurationPlatforms) = postSolution
		{69517B36-4DBE-47B4-A20E-537056BE3F51}.Debug|Any CPU.ActiveCfg = Debug|Any CPU
		{69517B36-4DBE-47B4-A20E-537056BE3F51}.Debug|Any CPU.Build.0 = Debug|Any CPU
		{69517B36-4DBE-47B4-A20E-537056BE3F51}.Release|Any CPU.ActiveCfg = Release|Any CPU
		{69517B36-4DBE-47B4-A20E-537056BE3F51}.Release|Any CPU.Build.0 = Release|Any CPU
		{53A57699-E8F2-49A0-B59A-4319BDA56E10}.Debug|Any CPU.ActiveCfg = Debug|Any CPU
		{53A57699-E8F2-49A0-B59A-4319BDA56E10}.Debug|Any CPU.Build.0 = Debug|Any CPU
		{53A57699-E8F2-49A0-B59A-4319BDA56E10}.Release|Any CPU.ActiveCfg = Release|Any CPU
		{53A57699-E8F2-49A0-B59A-4319BDA56E10}.Release|Any CPU.Build.0 = Release|Any CPU
		{9B87F0D0-5D15-47CA-810F-A49186688978}.Debug|Any CPU.ActiveCfg = Debug|Any CPU
		{9B87F0D0-5D15-47CA-810F-A49186688978}.Debug|Any CPU.Build.0 = Debug|Any CPU
		{9B87F0D0-5D15-47CA-810F-A49186688978}.Release|Any CPU.ActiveCfg = Release|Any CPU
		{9B87F0D0-5D15-47CA-810F-A49186688978}.Release|Any CPU.Build.0 = Release|Any CPU
		{AC5344F3-FFC4-4EBE-A5EC-96D207E55391}.Debug|Any CPU.ActiveCfg = Debug|Any CPU
		{AC5344F3-FFC4-4EBE-A5EC-96D207E55391}.Debug|Any CPU.Build.0 = Debug|Any CPU
		{AC5344F3-FFC4-4EBE-A5EC-96D207E55391}.Release|Any CPU.ActiveCfg = Release|Any CPU
		{AC5344F3-FFC4-4EBE-A5EC-96D207E55391}.Release|Any CPU.Build.0 = Release|Any CPU
		{0A30A41B-5F95-4AFA-B9AE-0C75A14AC774}.Debug|Any CPU.ActiveCfg = Debug|Any CPU
		{0A30A41B-5F95-4AFA-B9AE-0C75A14AC774}.Debug|Any CPU.Build.0 = Debug|Any CPU
		{0A30A41B-5F95-4AFA-B9AE-0C75A14AC774}.Release|Any CPU.ActiveCfg = Release|Any CPU
		{0A30A41B-5F95-4AFA-B9AE-0C75A14AC774}.Release|Any CPU.Build.0 = Release|Any CPU
		{DBDDA9A0-6710-47C1-8ACB-AEF3326B5600}.Debug|Any CPU.ActiveCfg = Debug|Any CPU
		{DBDDA9A0-6710-47C1-8ACB-AEF3326B5600}.Debug|Any CPU.Build.0 = Debug|Any CPU
		{DBDDA9A0-6710-47C1-8ACB-AEF3326B5600}.Release|Any CPU.ActiveCfg = Release|Any CPU
		{DBDDA9A0-6710-47C1-8ACB-AEF3326B5600}.Release|Any CPU.Build.0 = Release|Any CPU
		{28FFE501-94FF-4570-BD46-6377CE594A14}.Debug|Any CPU.ActiveCfg = Debug|Any CPU
		{28FFE501-94FF-4570-BD46-6377CE594A14}.Debug|Any CPU.Build.0 = Debug|Any CPU
		{28FFE501-94FF-4570-BD46-6377CE594A14}.Release|Any CPU.ActiveCfg = Release|Any CPU
		{28FFE501-94FF-4570-BD46-6377CE594A14}.Release|Any CPU.Build.0 = Release|Any CPU
	EndGlobalSection
	GlobalSection(SolutionProperties) = preSolution
		HideSolutionNode = FALSE
	EndGlobalSection
	GlobalSection(NestedProjects) = preSolution
		{69517B36-4DBE-47B4-A20E-537056BE3F51} = {E0DD1DC8-D695-4331-B261-1F541AE122E0}
		{53A57699-E8F2-49A0-B59A-4319BDA56E10} = {9D32043F-6F80-4186-A2BB-0E36A37F0C86}
		{AC5344F3-FFC4-4EBE-A5EC-96D207E55391} = {9D32043F-6F80-4186-A2BB-0E36A37F0C86}
		{9B87F0D0-5D15-47CA-810F-A49186688978} = {9D32043F-6F80-4186-A2BB-0E36A37F0C86}
		{0A30A41B-5F95-4AFA-B9AE-0C75A14AC774} = {9D32043F-6F80-4186-A2BB-0E36A37F0C86}
		{DBDDA9A0-6710-47C1-8ACB-AEF3326B5600} = {33BA3285-9602-4644-821B-63637853B4E8}
		{28FFE501-94FF-4570-BD46-6377CE594A14} = {9D32043F-6F80-4186-A2BB-0E36A37F0C86}
	EndGlobalSection
	GlobalSection(ExtensibilityGlobals) = postSolution
		SolutionGuid = {28A317AE-6658-4E0F-991B-2923DD825876}
	EndGlobalSection
EndGlobal
